
Microsoft Visual Studio Solution File, Format Version 12.00
Project("{2150E333-8FDC-42A3-9474-1A3956D46DE8}") = "src", "src", "{6B69CFE7-3241-4A73-B82C-B182846753BF}"
EndProject
Project("{2150E333-8FDC-42A3-9474-1A3956D46DE8}") = "package", "package", "{5B8415AF-B4D1-4474-8CBA-11771F808179}"
EndProject
Project("{FAE04EC0-301F-11D3-BF4B-00C04F79EFBC}") = "DotEmilu", "src\package\DotEmilu\DotEmilu.csproj", "{9C7C27D9-7FC8-40D9-8C52-64588602B3F1}"
EndProject
Project("{FAE04EC0-301F-11D3-BF4B-00C04F79EFBC}") = "DotEmilu.EntityFrameworkCore", "src\package\DotEmilu.EntityFrameworkCore\DotEmilu.EntityFrameworkCore.csproj", "{B4467030-A646-46AA-91EA-037F6CE2ABDA}"
EndProject
Project("{2150E333-8FDC-42A3-9474-1A3956D46DE8}") = "Solution Items", "Solution Items", "{C161E320-D081-490B-AC34-BD66AF4165F3}"
	ProjectSection(SolutionItems) = preProject
		.gitignore = .gitignore
		README.md = README.md
		LICENSE = LICENSE
	EndProjectSection
EndProject
Project("{2150E333-8FDC-42A3-9474-1A3956D46DE8}") = "tests", "tests", "{638BB23D-D0D4-4124-B947-19095B7229FD}"
EndProject
Project("{FAE04EC0-301F-11D3-BF4B-00C04F79EFBC}") = "DotEmilu.UseCaseTest", "src\tests\DotEmilu.UseCaseTest\DotEmilu.UseCaseTest.csproj", "{81CBC31D-ADAF-4D52-9679-5EABD1BB92FF}"
EndProject
Global
	GlobalSection(SolutionConfigurationPlatforms) = preSolution
		Debug|Any CPU = Debug|Any CPU
		Release|Any CPU = Release|Any CPU
	EndGlobalSection
	GlobalSection(NestedProjects) = preSolution
		{5B8415AF-B4D1-4474-8CBA-11771F808179} = {6B69CFE7-3241-4A73-B82C-B182846753BF}
		{9C7C27D9-7FC8-40D9-8C52-64588602B3F1} = {5B8415AF-B4D1-4474-8CBA-11771F808179}
		{B4467030-A646-46AA-91EA-037F6CE2ABDA} = {5B8415AF-B4D1-4474-8CBA-11771F808179}
		{638BB23D-D0D4-4124-B947-19095B7229FD} = {6B69CFE7-3241-4A73-B82C-B182846753BF}
		{81CBC31D-ADAF-4D52-9679-5EABD1BB92FF} = {638BB23D-D0D4-4124-B947-19095B7229FD}
	EndGlobalSection
	GlobalSection(ProjectConfigurationPlatforms) = postSolution
		{9C7C27D9-7FC8-40D9-8C52-64588602B3F1}.Debug|Any CPU.ActiveCfg = Debug|Any CPU
		{9C7C27D9-7FC8-40D9-8C52-64588602B3F1}.Debug|Any CPU.Build.0 = Debug|Any CPU
		{9C7C27D9-7FC8-40D9-8C52-64588602B3F1}.Release|Any CPU.ActiveCfg = Release|Any CPU
		{9C7C27D9-7FC8-40D9-8C52-64588602B3F1}.Release|Any CPU.Build.0 = Release|Any CPU
		{B4467030-A646-46AA-91EA-037F6CE2ABDA}.Debug|Any CPU.ActiveCfg = Debug|Any CPU
		{B4467030-A646-46AA-91EA-037F6CE2ABDA}.Debug|Any CPU.Build.0 = Debug|Any CPU
		{B4467030-A646-46AA-91EA-037F6CE2ABDA}.Release|Any CPU.ActiveCfg = Release|Any CPU
		{B4467030-A646-46AA-91EA-037F6CE2ABDA}.Release|Any CPU.Build.0 = Release|Any CPU
		{81CBC31D-ADAF-4D52-9679-5EABD1BB92FF}.Debug|Any CPU.ActiveCfg = Debug|Any CPU
		{81CBC31D-ADAF-4D52-9679-5EABD1BB92FF}.Debug|Any CPU.Build.0 = Debug|Any CPU
		{81CBC31D-ADAF-4D52-9679-5EABD1BB92FF}.Release|Any CPU.ActiveCfg = Release|Any CPU
		{81CBC31D-ADAF-4D52-9679-5EABD1BB92FF}.Release|Any CPU.Build.0 = Release|Any CPU
	EndGlobalSection
EndGlobal
