{
  "version": 2,
  "dependencies": {
    "net10.0": {
      "FluentValidation": {
        "type": "Direct",
        "requested": "[12.1.1, )",
        "resolved": "12.1.1",
        "contentHash": "EPpkIe1yh1a0OXyC100oOA8WMbZvqUu5plwhvYcb7oSELfyUZzfxV48BLhvs3kKo4NwG7MGLNgy1RJiYtT8Dpw=="
      },
      "Microsoft.SourceLink.GitHub": {
        "type": "Direct",
        "requested": "[10.0.202, )",
        "resolved": "10.0.202",
        "contentHash": "vRm3w0AWndnqt8X73qoWTdD/qp7o+bYMCufl7hSiQUSqeI3WKdqA/ElE6MCUscy84FX8HCMcK2EJCtTm+4bdbw==",
        "dependencies": {
          "Microsoft.Build.Tasks.Git": "10.0.202",
          "Microsoft.SourceLink.Common": "10.0.202",
          "System.IO.Hashing": "10.0.6"
        }
      },
      "MinVer": {
        "type": "Direct",
        "requested": "[7.0.0, )",
        "resolved": "7.0.0",
        "contentHash": "2lMTCQl5bGP4iv0JNkockPnyllC6eHLz+CoK2ICvalvHod+exXSxueu9hq+zNkU7bZBJf8wMfeRC/Edn8AGmEg=="
      },
      "Microsoft.Build.Tasks.Git": {
        "type": "Transitive",
        "resolved": "10.0.202",
        "contentHash": "HXAW7dToPLi6lHN4TJz1FfxLYfPS3EF20YrrZxQ9xbwbjLkFXJ+SwkuuILoAdCWTNHhHfa5oqOsrOEQX5s+eMg==",
        "dependencies": {
          "System.IO.Hashing": "10.0.6"
        }
      },
      "Microsoft.SourceLink.Common": {
        "type": "Transitive",
        "resolved": "10.0.202",
        "contentHash": "g8E67huS0Slt6iJiUG1uj2N4NBo/q68Q1y1H4nFu1Cn4AOp6S5D8AeGLhGMzBT+JmNCjiGTvKco2qkbe4F31tQ=="
      },
      "System.IO.Hashing": {
        "type": "Transitive",
        "resolved": "10.0.6",
        "contentHash": "lbMLkqFekDR4DeFd26eEfrG2HlvixIfs22uk/e2+9/NJ7WxMycVVakcQpuJvvqgc9XxwEgSd/Td+dZA+TjDDwA=="
      }
    }
  }
}